
Microsoft Visual Studio Solution File, Format Version 12.00
# Visual Studio 15
VisualStudioVersion = 15.0.28307.271
MinimumVisualStudioVersion = 10.0.40219.1
Project("{F184B08F-C81C-45F6-A57F-5ABD9991F28F}") = "Pokemon Shiny Counter", "Pokemon Shiny Counter\Pokemon Shiny Counter.vbproj", "{93B9121C-0303-452A-897F-1CF3F503C145}"
EndProject
Global
	GlobalSection(SolutionConfigurationPlatforms) = preSolution
		Debug|Any CPU = Debug|Any CPU
		Release|Any CPU = Release|Any CPU
	EndGlobalSection
	GlobalSection(ProjectConfigurationPlatforms) = postSolution
		{93B9121C-0303-452A-897F-1CF3F503C145}.Debug|Any CPU.ActiveCfg = Debug|Any CPU
		{93B9121C-0303-452A-897F-1CF3F503C145}.Debug|Any CPU.Build.0 = Debug|Any CPU
		{93B9121C-0303-452A-897F-1CF3F503C145}.Release|Any CPU.ActiveCfg = Release|Any CPU
		{93B9121C-0303-452A-897F-1CF3F503C145}.Release|Any CPU.Build.0 = Release|Any CPU
	EndGlobalSection
	GlobalSection(SolutionProperties) = preSolution
		HideSolutionNode = FALSE
	EndGlobalSection
	GlobalSection(ExtensibilityGlobals) = postSolution
		SolutionGuid = {C88C6436-69DC-41EE-88E8-3B26971BCD5F}
	EndGlobalSection
EndGlobal
